
Microsoft Visual Studio Solution File, Format Version 12.00
# Visual Studio 15
VisualStudioVersion = 15.0.26730.8
MinimumVisualStudioVersion = 10.0.40219.1
Project("{FAE04EC0-301F-11D3-BF4B-00C04F79EFBC}") = "MyPdf", "MyPdf\MyPdf.csproj", "{8EF2CFE9-9AE6-4A4B-B571-4A592240FDA2}"
EndProject
Global
	GlobalSection(SolutionConfigurationPlatforms) = preSolution
		Debug|Any CPU = Debug|Any CPU
		Release|Any CPU = Release|Any CPU
	EndGlobalSection
	GlobalSection(ProjectConfigurationPlatforms) = postSolution
		{8EF2CFE9-9AE6-4A4B-B571-4A592240FDA2}.Debug|Any CPU.ActiveCfg = Debug|Any CPU
		{8EF2CFE9-9AE6-4A4B-B571-4A592240FDA2}.Debug|Any CPU.Build.0 = Debug|Any CPU
		{8EF2CFE9-9AE6-4A4B-B571-4A592240FDA2}.Release|Any CPU.ActiveCfg = Release|Any CPU
		{8EF2CFE9-9AE6-4A4B-B571-4A592240FDA2}.Release|Any CPU.Build.0 = Release|Any CPU
	EndGlobalSection
	GlobalSection(SolutionProperties) = preSolution
		HideSolutionNode = FALSE
	EndGlobalSection
	GlobalSection(ExtensibilityGlobals) = postSolution
		SolutionGuid = {B3584BB0-7731-4589-973F-CDBA28ACC929}
	EndGlobalSection
EndGlobal
